// !$*UTF8*$!
{
	archiveVersion = 1;
	classes = {
	};
	objectVersion = 50;
	objects = {

/* Begin PBXBuildFile section */
		3E0FF56A239C57860052B841 /* AppDelegate.swift in Sources */ = {isa = PBXBuildFile; fileRef = 3E0FF569239C57860052B841 /* AppDelegate.swift */; };
		3E0FF56C239C57860052B841 /* SceneDelegate.swift in Sources */ = {isa = PBXBuildFile; fileRef = 3E0FF56B239C57860052B841 /* SceneDelegate.swift */; };
		3E0FF56F239C57860052B841 /* BudgetPlanner.xcdatamodeld in Sources */ = {isa = PBXBuildFile; fileRef = 3E0FF56D239C57860052B841 /* BudgetPlanner.xcdatamodeld */; };
		3E0FF571239C57860052B841 /* ContentView.swift in Sources */ = {isa = PBXBuildFile; fileRef = 3E0FF570239C57860052B841 /* ContentView.swift */; };
		3E0FF573239C57870052B841 /* Assets.xcassets in Resources */ = {isa = PBXBuildFile; fileRef = 3E0FF572239C57870052B841 /* Assets.xcassets */; };
		3E0FF576239C57870052B841 /* Preview Assets.xcassets in Resources */ = {isa = PBXBuildFile; fileRef = 3E0FF575239C57870052B841 /* Preview Assets.xcassets */; };
		3E0FF579239C57870052B841 /* LaunchScreen.storyboard in Resources */ = {isa = PBXBuildFile; fileRef = 3E0FF577239C57870052B841 /* LaunchScreen.storyboard */; };
		3E0FF583239C590E0052B841 /* Home.swift in Sources */ = {isa = PBXBuildFile; fileRef = 3E0FF582239C590E0052B841 /* Home.swift */; };
		3E0FF585239C591A0052B841 /* Transactions.swift in Sources */ = {isa = PBXBuildFile; fileRef = 3E0FF584239C591A0052B841 /* Transactions.swift */; };
		3E0FF588239C598C0052B841 /* Analytics.swift in Sources */ = {isa = PBXBuildFile; fileRef = 3E0FF587239C598C0052B841 /* Analytics.swift */; };
		3E0FF58A239C599E0052B841 /* Goals.swift in Sources */ = {isa = PBXBuildFile; fileRef = 3E0FF589239C599E0052B841 /* Goals.swift */; };
		3E0FF58C239C5A4B0052B841 /* UserData.swift in Sources */ = {isa = PBXBuildFile; fileRef = 3E0FF58B239C5A4B0052B841 /* UserData.swift */; };
		3E0FF58E239C5E290052B841 /* Deposit.json in Resources */ = {isa = PBXBuildFile; fileRef = 3E0FF58D239C5E280052B841 /* Deposit.json */; };
		3E0FF590239D62060052B841 /* Transaction.swift in Sources */ = {isa = PBXBuildFile; fileRef = 3E0FF58F239D62060052B841 /* Transaction.swift */; };
		3E0FF593239D64450052B841 /* Trans.swift in Sources */ = {isa = PBXBuildFile; fileRef = 3E0FF592239D64450052B841 /* Trans.swift */; };
		3E0FF595239D652A0052B841 /* LoadInitialContent.swift in Sources */ = {isa = PBXBuildFile; fileRef = 3E0FF594239D652A0052B841 /* LoadInitialContent.swift */; };
		3E0FF597239D660E0052B841 /* TransactionDetail.swift in Sources */ = {isa = PBXBuildFile; fileRef = 3E0FF596239D660E0052B841 /* TransactionDetail.swift */; };
		3E0FF599239D661B0052B841 /* TransactionItem.swift in Sources */ = {isa = PBXBuildFile; fileRef = 3E0FF598239D661B0052B841 /* TransactionItem.swift */; };
		3E0FF59B239D9D090052B841 /* AddTransaction.swift in Sources */ = {isa = PBXBuildFile; fileRef = 3E0FF59A239D9D090052B841 /* AddTransaction.swift */; };
		3EF7F8C0239DAB00001FE938 /* FloatingMenu.swift in Sources */ = {isa = PBXBuildFile; fileRef = 3EF7F8BF239DAB00001FE938 /* FloatingMenu.swift */; };
		3EF7F8C2239DE63C001FE938 /* TransactionByMonth.swift in Sources */ = {isa = PBXBuildFile; fileRef = 3EF7F8C1239DE63C001FE938 /* TransactionByMonth.swift */; };
		3EF7F8C4239DF7D3001FE938 /* TransactionByMonthDetail.swift in Sources */ = {isa = PBXBuildFile; fileRef = 3EF7F8C3239DF7D3001FE938 /* TransactionByMonthDetail.swift */; };
		3EF7F8C6239DFCAC001FE938 /* TransactionByYearItem.swift in Sources */ = {isa = PBXBuildFile; fileRef = 3EF7F8C5239DFCAC001FE938 /* TransactionByYearItem.swift */; };
		3EF7F8C8239DFD05001FE938 /* TransactionByYearDetail.swift in Sources */ = {isa = PBXBuildFile; fileRef = 3EF7F8C7239DFD05001FE938 /* TransactionByYearDetail.swift */; };
		3EF7F8CA239E040B001FE938 /* MapView.swift in Sources */ = {isa = PBXBuildFile; fileRef = 3EF7F8C9239E040B001FE938 /* MapView.swift */; };
		3EF7F8CC239F0608001FE938 /* Setting.swift in Sources */ = {isa = PBXBuildFile; fileRef = 3EF7F8CB239F0608001FE938 /* Setting.swift */; };
		3EF7F8D1239F4B52001FE938 /* Gadgets.swift in Sources */ = {isa = PBXBuildFile; fileRef = 3EF7F8D0239F4B52001FE938 /* Gadgets.swift */; };
		3EF7F8D3239F4C54001FE938 /* TipCalculator.swift in Sources */ = {isa = PBXBuildFile; fileRef = 3EF7F8D2239F4C54001FE938 /* TipCalculator.swift */; };
		3EF7F8D6239F5AF7001FE938 /* Category.swift in Sources */ = {isa = PBXBuildFile; fileRef = 3EF7F8D5239F5AF7001FE938 /* Category.swift */; };
		3EF7F8D8239F75FA001FE938 /* ProgressBar.swift in Sources */ = {isa = PBXBuildFile; fileRef = 3EF7F8D7239F75FA001FE938 /* ProgressBar.swift */; };
/* End PBXBuildFile section */

/* Begin PBXFileReference section */
		3E0FF566239C57860052B841 /* BudgetPlanner.app */ = {isa = PBXFileReference; explicitFileType = wrapper.application; includeInIndex = 0; path = BudgetPlanner.app; sourceTree = BUILT_PRODUCTS_DIR; };
		3E0FF569239C57860052B841 /* AppDelegate.swift */ = {isa = PBXFileReference; lastKnownFileType = sourcecode.swift; path = AppDelegate.swift; sourceTree = "<group>"; };
		3E0FF56B239C57860052B841 /* SceneDelegate.swift */ = {isa = PBXFileReference; lastKnownFileType = sourcecode.swift; path = SceneDelegate.swift; sourceTree = "<group>"; };
		3E0FF56E239C57860052B841 /* BudgetPlanner.xcdatamodel */ = {isa = PBXFileReference; lastKnownFileType = wrapper.xcdatamodel; path = BudgetPlanner.xcdatamodel; sourceTree = "<group>"; };
		3E0FF570239C57860052B841 /* ContentView.swift */ = {isa = PBXFileReference; lastKnownFileType = sourcecode.swift; path = ContentView.swift; sourceTree = "<group>"; };
		3E0FF572239C57870052B841 /* Assets.xcassets */ = {isa = PBXFileReference; lastKnownFileType = folder.assetcatalog; path = Assets.xcassets; sourceTree = "<group>"; };
		3E0FF575239C57870052B841 /* Preview Assets.xcassets */ = {isa = PBXFileReference; lastKnownFileType = folder.assetcatalog; path = "Preview Assets.xcassets"; sourceTree = "<group>"; };
		3E0FF578239C57870052B841 /* Base */ = {isa = PBXFileReference; lastKnownFileType = file.storyboard; name = Base; path = Base.lproj/LaunchScreen.storyboard; sourceTree = "<group>"; };
		3E0FF57A239C57870052B841 /* Info.plist */ = {isa = PBXFileReference; lastKnownFileType = text.plist.xml; path = Info.plist; sourceTree = "<group>"; };
		3E0FF582239C590E0052B841 /* Home.swift */ = {isa = PBXFileReference; lastKnownFileType = sourcecode.swift; path = Home.swift; sourceTree = "<group>"; };
		3E0FF584239C591A0052B841 /* Transactions.swift */ = {isa = PBXFileReference; lastKnownFileType = sourcecode.swift; path = Transactions.swift; sourceTree = "<group>"; };
		3E0FF587239C598C0052B841 /* Analytics.swift */ = {isa = PBXFileReference; lastKnownFileType = sourcecode.swift; path = Analytics.swift; sourceTree = "<group>"; };
		3E0FF589239C599E0052B841 /* Goals.swift */ = {isa = PBXFileReference; lastKnownFileType = sourcecode.swift; path = Goals.swift; sourceTree = "<group>"; };
		3E0FF58B239C5A4B0052B841 /* UserData.swift */ = {isa = PBXFileReference; lastKnownFileType = sourcecode.swift; path = UserData.swift; sourceTree = "<group>"; };
		3E0FF58D239C5E280052B841 /* Deposit.json */ = {isa = PBXFileReference; fileEncoding = 4; lastKnownFileType = text.json; path = Deposit.json; sourceTree = "<group>"; };
		3E0FF58F239D62060052B841 /* Transaction.swift */ = {isa = PBXFileReference; lastKnownFileType = sourcecode.swift; path = Transaction.swift; sourceTree = "<group>"; };
		3E0FF592239D64450052B841 /* Trans.swift */ = {isa = PBXFileReference; lastKnownFileType = sourcecode.swift; path = Trans.swift; sourceTree = "<group>"; };
		3E0FF594239D652A0052B841 /* LoadInitialContent.swift */ = {isa = PBXFileReference; lastKnownFileType = sourcecode.swift; path = LoadInitialContent.swift; sourceTree = "<group>"; };
		3E0FF596239D660E0052B841 /* TransactionDetail.swift */ = {isa = PBXFileReference; lastKnownFileType = sourcecode.swift; path = TransactionDetail.swift; sourceTree = "<group>"; };
		3E0FF598239D661B0052B841 /* TransactionItem.swift */ = {isa = PBXFileReference; lastKnownFileType = sourcecode.swift; path = TransactionItem.swift; sourceTree = "<group>"; };
		3E0FF59A239D9D090052B841 /* AddTransaction.swift */ = {isa = PBXFileReference; lastKnownFileType = sourcecode.swift; path = AddTransaction.swift; sourceTree = "<group>"; };
		3EF7F8BF239DAB00001FE938 /* FloatingMenu.swift */ = {isa = PBXFileReference; lastKnownFileType = sourcecode.swift; path = FloatingMenu.swift; sourceTree = "<group>"; };
		3EF7F8C1239DE63C001FE938 /* TransactionByMonth.swift */ = {isa = PBXFileReference; lastKnownFileType = sourcecode.swift; path = TransactionByMonth.swift; sourceTree = "<group>"; };
		3EF7F8C3239DF7D3001FE938 /* TransactionByMonthDetail.swift */ = {isa = PBXFileReference; lastKnownFileType = sourcecode.swift; path = TransactionByMonthDetail.swift; sourceTree = "<group>"; };
		3EF7F8C5239DFCAC001FE938 /* TransactionByYearItem.swift */ = {isa = PBXFileReference; lastKnownFileType = sourcecode.swift; path = TransactionByYearItem.swift; sourceTree = "<group>"; };
		3EF7F8C7239DFD05001FE938 /* TransactionByYearDetail.swift */ = {isa = PBXFileReference; lastKnownFileType = sourcecode.swift; path = TransactionByYearDetail.swift; sourceTree = "<group>"; };
		3EF7F8C9239E040B001FE938 /* MapView.swift */ = {isa = PBXFileReference; lastKnownFileType = sourcecode.swift; path = MapView.swift; sourceTree = "<group>"; };
		3EF7F8CB239F0608001FE938 /* Setting.swift */ = {isa = PBXFileReference; lastKnownFileType = sourcecode.swift; path = Setting.swift; sourceTree = "<group>"; };
		3EF7F8D0239F4B52001FE938 /* Gadgets.swift */ = {isa = PBXFileReference; lastKnownFileType = sourcecode.swift; path = Gadgets.swift; sourceTree = "<group>"; };
		3EF7F8D2239F4C54001FE938 /* TipCalculator.swift */ = {isa = PBXFileReference; lastKnownFileType = sourcecode.swift; path = TipCalculator.swift; sourceTree = "<group>"; };
		3EF7F8D5239F5AF7001FE938 /* Category.swift */ = {isa = PBXFileReference; lastKnownFileType = sourcecode.swift; path = Category.swift; sourceTree = "<group>"; };
		3EF7F8D7239F75FA001FE938 /* ProgressBar.swift */ = {isa = PBXFileReference; lastKnownFileType = sourcecode.swift; path = ProgressBar.swift; sourceTree = "<group>"; };
/* End PBXFileReference section */

/* Begin PBXFrameworksBuildPhase section */
		3E0FF563239C57860052B841 /* Frameworks */ = {
			isa = PBXFrameworksBuildPhase;
			buildActionMask = 2147483647;
			files = (
			);
			runOnlyForDeploymentPostprocessing = 0;
		};
/* End PBXFrameworksBuildPhase section */

/* Begin PBXGroup section */
		3E0FF55D239C57860052B841 = {
			isa = PBXGroup;
			children = (
				3E0FF568239C57860052B841 /* BudgetPlanner */,
				3E0FF567239C57860052B841 /* Products */,
			);
			sourceTree = "<group>";
		};
		3E0FF567239C57860052B841 /* Products */ = {
			isa = PBXGroup;
			children = (
				3E0FF566239C57860052B841 /* BudgetPlanner.app */,
			);
			name = Products;
			sourceTree = "<group>";
		};
		3E0FF568239C57860052B841 /* BudgetPlanner */ = {
			isa = PBXGroup;
			children = (
				3EF7F8CB239F0608001FE938 /* Setting.swift */,
				3E0FF591239D64170052B841 /* Populate Database */,
				3E0FF58B239C5A4B0052B841 /* UserData.swift */,
				3E0FF569239C57860052B841 /* AppDelegate.swift */,
				3E0FF56B239C57860052B841 /* SceneDelegate.swift */,
				3E0FF581239C58E60052B841 /* Tab Bar Views */,
				3E0FF580239C58B70052B841 /* Core Data Model */,
				3E0FF570239C57860052B841 /* ContentView.swift */,
				3EF7F8C9239E040B001FE938 /* MapView.swift */,
				3E0FF572239C57870052B841 /* Assets.xcassets */,
				3E0FF577239C57870052B841 /* LaunchScreen.storyboard */,
				3E0FF57A239C57870052B841 /* Info.plist */,
				3E0FF574239C57870052B841 /* Preview Content */,
			);
			path = BudgetPlanner;
			sourceTree = "<group>";
		};
		3E0FF574239C57870052B841 /* Preview Content */ = {
			isa = PBXGroup;
			children = (
				3E0FF575239C57870052B841 /* Preview Assets.xcassets */,
			);
			path = "Preview Content";
			sourceTree = "<group>";
		};
		3E0FF580239C58B70052B841 /* Core Data Model */ = {
			isa = PBXGroup;
			children = (
				3E0FF56D239C57860052B841 /* BudgetPlanner.xcdatamodeld */,
				3E0FF58F239D62060052B841 /* Transaction.swift */,
			);
			name = "Core Data Model";
			sourceTree = "<group>";
		};
		3E0FF581239C58E60052B841 /* Tab Bar Views */ = {
			isa = PBXGroup;
			children = (
				3EF7F8D4239F5AE0001FE938 /* Category */,
				3EF7F8CD239F35BD001FE938 /* Goals */,
				3E0FF586239C591F0052B841 /* Transaction */,
				3E0FF582239C590E0052B841 /* Home.swift */,
				3E0FF587239C598C0052B841 /* Analytics.swift */,
			);
			name = "Tab Bar Views";
			sourceTree = "<group>";
		};
		3E0FF586239C591F0052B841 /* Transaction */ = {
			isa = PBXGroup;
			children = (
				3EF7F8D923A01673001FE938 /* UI */,
				3E0FF584239C591A0052B841 /* Transactions.swift */,
				3E0FF596239D660E0052B841 /* TransactionDetail.swift */,
				3E0FF598239D661B0052B841 /* TransactionItem.swift */,
				3E0FF59A239D9D090052B841 /* AddTransaction.swift */,
				3EF7F8C1239DE63C001FE938 /* TransactionByMonth.swift */,
				3EF7F8C3239DF7D3001FE938 /* TransactionByMonthDetail.swift */,
				3EF7F8C5239DFCAC001FE938 /* TransactionByYearItem.swift */,
				3EF7F8C7239DFD05001FE938 /* TransactionByYearDetail.swift */,
				3EF7F8D0239F4B52001FE938 /* Gadgets.swift */,
				3EF7F8D2239F4C54001FE938 /* TipCalculator.swift */,
			);
			name = Transaction;
			sourceTree = "<group>";
		};
		3E0FF591239D64170052B841 /* Populate Database */ = {
			isa = PBXGroup;
			children = (
				3E0FF58D239C5E280052B841 /* Deposit.json */,
				3E0FF592239D64450052B841 /* Trans.swift */,
				3E0FF594239D652A0052B841 /* LoadInitialContent.swift */,
			);
			name = "Populate Database";
			sourceTree = "<group>";
		};
		3EF7F8CD239F35BD001FE938 /* Goals */ = {
			isa = PBXGroup;
			children = (
				3E0FF589239C599E0052B841 /* Goals.swift */,
			);
			name = Goals;
			sourceTree = "<group>";
		};
		3EF7F8D4239F5AE0001FE938 /* Category */ = {
			isa = PBXGroup;
			children = (
				3EF7F8D5239F5AF7001FE938 /* Category.swift */,
			);
			name = Category;
			sourceTree = "<group>";
		};
		3EF7F8D923A01673001FE938 /* UI */ = {
			isa = PBXGroup;
			children = (
				3EF7F8BF239DAB00001FE938 /* FloatingMenu.swift */,
				3EF7F8D7239F75FA001FE938 /* ProgressBar.swift */,
			);
			name = UI;
			sourceTree = "<group>";
		};
/* End PBXGroup section */

/* Begin PBXNativeTarget section */
		3E0FF565239C57860052B841 /* BudgetPlanner */ = {
			isa = PBXNativeTarget;
			buildConfigurationList = 3E0FF57D239C57870052B841 /* Build configuration list for PBXNativeTarget "BudgetPlanner" */;
			buildPhases = (
				3E0FF562239C57860052B841 /* Sources */,
				3E0FF563239C57860052B841 /* Frameworks */,
				3E0FF564239C57860052B841 /* Resources */,
			);
			buildRules = (
			);
			dependencies = (
			);
			name = BudgetPlanner;
			productName = BudgetPlanner;
			productReference = 3E0FF566239C57860052B841 /* BudgetPlanner.app */;
			productType = "com.apple.product-type.application";
		};
/* End PBXNativeTarget section */

/* Begin PBXProject section */
		3E0FF55E239C57860052B841 /* Project object */ = {
			isa = PBXProject;
			attributes = {
				LastSwiftUpdateCheck = 1120;
				LastUpgradeCheck = 1120;
				ORGANIZATIONNAME = "Yuzhi Ma";
				TargetAttributes = {
					3E0FF565239C57860052B841 = {
						CreatedOnToolsVersion = 11.2.1;
					};
				};
			};
			buildConfigurationList = 3E0FF561239C57860052B841 /* Build configuration list for PBXProject "BudgetPlanner" */;
			compatibilityVersion = "Xcode 9.3";
			developmentRegion = en;
			hasScannedForEncodings = 0;
			knownRegions = (
				en,
				Base,
			);
			mainGroup = 3E0FF55D239C57860052B841;
			productRefGroup = 3E0FF567239C57860052B841 /* Products */;
			projectDirPath = "";
			projectRoot = "";
			targets = (
				3E0FF565239C57860052B841 /* BudgetPlanner */,
			);
		};
/* End PBXProject section */

/* Begin PBXResourcesBuildPhase section */
		3E0FF564239C57860052B841 /* Resources */ = {
			isa = PBXResourcesBuildPhase;
			buildActionMask = 2147483647;
			files = (
				3E0FF58E239C5E290052B841 /* Deposit.json in Resources */,
				3E0FF579239C57870052B841 /* LaunchScreen.storyboard in Resources */,
				3E0FF576239C57870052B841 /* Preview Assets.xcassets in Resources */,
				3E0FF573239C57870052B841 /* Assets.xcassets in Resources */,
			);
			runOnlyForDeploymentPostprocessing = 0;
		};
/* End PBXResourcesBuildPhase section */

/* Begin PBXSourcesBuildPhase section */
		3E0FF562239C57860052B841 /* Sources */ = {
			isa = PBXSourcesBuildPhase;
			buildActionMask = 2147483647;
			files = (
				3E0FF56A239C57860052B841 /* AppDelegate.swift in Sources */,
				3E0FF588239C598C0052B841 /* Analytics.swift in Sources */,
				3E0FF58A239C599E0052B841 /* Goals.swift in Sources */,
				3E0FF58C239C5A4B0052B841 /* UserData.swift in Sources */,
				3E0FF595239D652A0052B841 /* LoadInitialContent.swift in Sources */,
				3EF7F8C8239DFD05001FE938 /* TransactionByYearDetail.swift in Sources */,
				3EF7F8CC239F0608001FE938 /* Setting.swift in Sources */,
				3E0FF590239D62060052B841 /* Transaction.swift in Sources */,
				3EF7F8CA239E040B001FE938 /* MapView.swift in Sources */,
				3EF7F8C0239DAB00001FE938 /* FloatingMenu.swift in Sources */,
				3EF7F8D8239F75FA001FE938 /* ProgressBar.swift in Sources */,
				3E0FF56F239C57860052B841 /* BudgetPlanner.xcdatamodeld in Sources */,
				3E0FF59B239D9D090052B841 /* AddTransaction.swift in Sources */,
				3EF7F8C4239DF7D3001FE938 /* TransactionByMonthDetail.swift in Sources */,
				3EF7F8C2239DE63C001FE938 /* TransactionByMonth.swift in Sources */,
				3E0FF585239C591A0052B841 /* Transactions.swift in Sources */,
				3E0FF597239D660E0052B841 /* TransactionDetail.swift in Sources */,
				3EF7F8D6239F5AF7001FE938 /* Category.swift in Sources */,
				3E0FF583239C590E0052B841 /* Home.swift in Sources */,
				3EF7F8D1239F4B52001FE938 /* Gadgets.swift in Sources */,
				3E0FF571239C57860052B841 /* ContentView.swift in Sources */,
				3E0FF56C239C57860052B841 /* SceneDelegate.swift in Sources */,
				3E0FF593239D64450052B841 /* Trans.swift in Sources */,
				3EF7F8D3239F4C54001FE938 /* TipCalculator.swift in Sources */,
				3E0FF599239D661B0052B841 /* TransactionItem.swift in Sources */,
				3EF7F8C6239DFCAC001FE938 /* TransactionByYearItem.swift in Sources */,
			);
			runOnlyForDeploymentPostprocessing = 0;
		};
/* End PBXSourcesBuildPhase section */

/* Begin PBXVariantGroup section */
		3E0FF577239C57870052B841 /* LaunchScreen.storyboard */ = {
			isa = PBXVariantGroup;
			children = (
				3E0FF578239C57870052B841 /* Base */,
			);
			name = LaunchScreen.storyboard;
			sourceTree = "<group>";
		};
/* End PBXVariantGroup section */

/* Begin XCBuildConfiguration section */
		3E0FF57B239C57870052B841 /* Debug */ = {
			isa = XCBuildConfiguration;
			buildSettings = {
				ALWAYS_SEARCH_USER_PATHS = NO;
				CLANG_ANALYZER_NONNULL = YES;
				CLANG_ANALYZER_NUMBER_OBJECT_CONVERSION = YES_AGGRESSIVE;
				CLANG_CXX_LANGUAGE_STANDARD = "gnu++14";
				CLANG_CXX_LIBRARY = "libc++";
				CLANG_ENABLE_MODULES = YES;
				CLANG_ENABLE_OBJC_ARC = YES;
				CLANG_ENABLE_OBJC_WEAK = YES;
				CLANG_WARN_BLOCK_CAPTURE_AUTORELEASING = YES;
				CLANG_WARN_BOOL_CONVERSION = YES;
				CLANG_WARN_COMMA = YES;
				CLANG_WARN_CONSTANT_CONVERSION = YES;
				CLANG_WARN_DEPRECATED_OBJC_IMPLEMENTATIONS = YES;
				CLANG_WARN_DIRECT_OBJC_ISA_USAGE = YES_ERROR;
				CLANG_WARN_DOCUMENTATION_COMMENTS = YES;
				CLANG_WARN_EMPTY_BODY = YES;
				CLANG_WARN_ENUM_CONVERSION = YES;
				CLANG_WARN_INFINITE_RECURSION = YES;
				CLANG_WARN_INT_CONVERSION = YES;
				CLANG_WARN_NON_LITERAL_NULL_CONVERSION = YES;
				CLANG_WARN_OBJC_IMPLICIT_RETAIN_SELF = YES;
				CLANG_WARN_OBJC_LITERAL_CONVERSION = YES;
				CLANG_WARN_OBJC_ROOT_CLASS = YES_ERROR;
				CLANG_WARN_RANGE_LOOP_ANALYSIS = YES;
				CLANG_WARN_STRICT_PROTOTYPES = YES;
				CLANG_WARN_SUSPICIOUS_MOVE = YES;
				CLANG_WARN_UNGUARDED_AVAILABILITY = YES_AGGRESSIVE;
				CLANG_WARN_UNREACHABLE_CODE = YES;
				CLANG_WARN__DUPLICATE_METHOD_MATCH = YES;
				COPY_PHASE_STRIP = NO;
				DEBUG_INFORMATION_FORMAT = dwarf;
				ENABLE_STRICT_OBJC_MSGSEND = YES;
				ENABLE_TESTABILITY = YES;
				GCC_C_LANGUAGE_STANDARD = gnu11;
				GCC_DYNAMIC_NO_PIC = NO;
				GCC_NO_COMMON_BLOCKS = YES;
				GCC_OPTIMIZATION_LEVEL = 0;
				GCC_PREPROCESSOR_DEFINITIONS = (
					"DEBUG=1",
					"$(inherited)",
				);
				GCC_WARN_64_TO_32_BIT_CONVERSION = YES;
				GCC_WARN_ABOUT_RETURN_TYPE = YES_ERROR;
				GCC_WARN_UNDECLARED_SELECTOR = YES;
				GCC_WARN_UNINITIALIZED_AUTOS = YES_AGGRESSIVE;
				GCC_WARN_UNUSED_FUNCTION = YES;
				GCC_WARN_UNUSED_VARIABLE = YES;
				IPHONEOS_DEPLOYMENT_TARGET = 13.2;
				MTL_ENABLE_DEBUG_INFO = INCLUDE_SOURCE;
				MTL_FAST_MATH = YES;
				ONLY_ACTIVE_ARCH = YES;
				SDKROOT = iphoneos;
				SWIFT_ACTIVE_COMPILATION_CONDITIONS = DEBUG;
				SWIFT_OPTIMIZATION_LEVEL = "-Onone";
			};
			name = Debug;
		};
		3E0FF57C239C57870052B841 /* Release */ = {
			isa = XCBuildConfiguration;
			buildSettings = {
				ALWAYS_SEARCH_USER_PATHS = NO;
				CLANG_ANALYZER_NONNULL = YES;
				CLANG_ANALYZER_NUMBER_OBJECT_CONVERSION = YES_AGGRESSIVE;
				CLANG_CXX_LANGUAGE_STANDARD = "gnu++14";
				CLANG_CXX_LIBRARY = "libc++";
				CLANG_ENABLE_MODULES = YES;
				CLANG_ENABLE_OBJC_ARC = YES;
				CLANG_ENABLE_OBJC_WEAK = YES;
				CLANG_WARN_BLOCK_CAPTURE_AUTORELEASING = YES;
				CLANG_WARN_BOOL_CONVERSION = YES;
				CLANG_WARN_COMMA = YES;
				CLANG_WARN_CONSTANT_CONVERSION = YES;
				CLANG_WARN_DEPRECATED_OBJC_IMPLEMENTATIONS = YES;
				CLANG_WARN_DIRECT_OBJC_ISA_USAGE = YES_ERROR;
				CLANG_WARN_DOCUMENTATION_COMMENTS = YES;
				CLANG_WARN_EMPTY_BODY = YES;
				CLANG_WARN_ENUM_CONVERSION = YES;
				CLANG_WARN_INFINITE_RECURSION = YES;
				CLANG_WARN_INT_CONVERSION = YES;
				CLANG_WARN_NON_LITERAL_NULL_CONVERSION = YES;
				CLANG_WARN_OBJC_IMPLICIT_RETAIN_SELF = YES;
				CLANG_WARN_OBJC_LITERAL_CONVERSION = YES;
				CLANG_WARN_OBJC_ROOT_CLASS = YES_ERROR;
				CLANG_WARN_RANGE_LOOP_ANALYSIS = YES;
				CLANG_WARN_STRICT_PROTOTYPES = YES;
				CLANG_WARN_SUSPICIOUS_MOVE = YES;
				CLANG_WARN_UNGUARDED_AVAILABILITY = YES_AGGRESSIVE;
				CLANG_WARN_UNREACHABLE_CODE = YES;
				CLANG_WARN__DUPLICATE_METHOD_MATCH = YES;
				COPY_PHASE_STRIP = NO;
				DEBUG_INFORMATION_FORMAT = "dwarf-with-dsym";
				ENABLE_NS_ASSERTIONS = NO;
				ENABLE_STRICT_OBJC_MSGSEND = YES;
				GCC_C_LANGUAGE_STANDARD = gnu11;
				GCC_NO_COMMON_BLOCKS = YES;
				GCC_WARN_64_TO_32_BIT_CONVERSION = YES;
				GCC_WARN_ABOUT_RETURN_TYPE = YES_ERROR;
				GCC_WARN_UNDECLARED_SELECTOR = YES;
				GCC_WARN_UNINITIALIZED_AUTOS = YES_AGGRESSIVE;
				GCC_WARN_UNUSED_FUNCTION = YES;
				GCC_WARN_UNUSED_VARIABLE = YES;
				IPHONEOS_DEPLOYMENT_TARGET = 13.2;
				MTL_ENABLE_DEBUG_INFO = NO;
				MTL_FAST_MATH = YES;
				SDKROOT = iphoneos;
				SWIFT_COMPILATION_MODE = wholemodule;
				SWIFT_OPTIMIZATION_LEVEL = "-O";
				VALIDATE_PRODUCT = YES;
			};
			name = Release;
		};
		3E0FF57E239C57870052B841 /* Debug */ = {
			isa = XCBuildConfiguration;
			buildSettings = {
				ASSETCATALOG_COMPILER_APPICON_NAME = AppIcon;
				CODE_SIGN_STYLE = Automatic;
				DEVELOPMENT_ASSET_PATHS = "\"BudgetPlanner/Preview Content\"";
				DEVELOPMENT_TEAM = U3465V32BF;
				ENABLE_PREVIEWS = YES;
				INFOPLIST_FILE = BudgetPlanner/Info.plist;
				LD_RUNPATH_SEARCH_PATHS = (
					"$(inherited)",
					"@executable_path/Frameworks",
				);
				PRODUCT_BUNDLE_IDENTIFIER = "com.Chenxiang-Huang.BudgetPlanner";
				PRODUCT_NAME = "$(TARGET_NAME)";
				SWIFT_VERSION = 5.0;
				TARGETED_DEVICE_FAMILY = "1,2";
			};
			name = Debug;
		};
		3E0FF57F239C57870052B841 /* Release */ = {
			isa = XCBuildConfiguration;
			buildSettings = {
				ASSETCATALOG_COMPILER_APPICON_NAME = AppIcon;
				CODE_SIGN_STYLE = Automatic;
				DEVELOPMENT_ASSET_PATHS = "\"BudgetPlanner/Preview Content\"";
				DEVELOPMENT_TEAM = U3465V32BF;
				ENABLE_PREVIEWS = YES;
				INFOPLIST_FILE = BudgetPlanner/Info.plist;
				LD_RUNPATH_SEARCH_PATHS = (
					"$(inherited)",
					"@executable_path/Frameworks",
				);
				PRODUCT_BUNDLE_IDENTIFIER = "com.Chenxiang-Huang.BudgetPlanner";
				PRODUCT_NAME = "$(TARGET_NAME)";
				SWIFT_VERSION = 5.0;
				TARGETED_DEVICE_FAMILY = "1,2";
			};
			name = Release;
		};
/* End XCBuildConfiguration section */

/* Begin XCConfigurationList section */
		3E0FF561239C57860052B841 /* Build configuration list for PBXProject "BudgetPlanner" */ = {
			isa = XCConfigurationList;
			buildConfigurations = (
				3E0FF57B239C57870052B841 /* Debug */,
				3E0FF57C239C57870052B841 /* Release */,
			);
			defaultConfigurationIsVisible = 0;
			defaultConfigurationName = Release;
		};
		3E0FF57D239C57870052B841 /* Build configuration list for PBXNativeTarget "BudgetPlanner" */ = {
			isa = XCConfigurationList;
			buildConfigurations = (
				3E0FF57E239C57870052B841 /* Debug */,
				3E0FF57F239C57870052B841 /* Release */,
			);
			defaultConfigurationIsVisible = 0;
			defaultConfigurationName = Release;
		};
/* End XCConfigurationList section */

/* Begin XCVersionGroup section */
		3E0FF56D239C57860052B841 /* BudgetPlanner.xcdatamodeld */ = {
			isa = XCVersionGroup;
			children = (
				3E0FF56E239C57860052B841 /* BudgetPlanner.xcdatamodel */,
			);
			currentVersion = 3E0FF56E239C57860052B841 /* BudgetPlanner.xcdatamodel */;
			path = BudgetPlanner.xcdatamodeld;
			sourceTree = "<group>";
			versionGroupType = wrapper.xcdatamodel;
		};
/* End XCVersionGroup section */
	};
	rootObject = 3E0FF55E239C57860052B841 /* Project object */;
}
